
Microsoft Visual Studio Solution File, Format Version 12.00
# Visual Studio 14
VisualStudioVersion = 14.0.25123.0
MinimumVisualStudioVersion = 10.0.40219.1
Project("{FAE04EC0-301F-11D3-BF4B-00C04F79EFBC}") = "HotelManagementWebAPI", "HotelManagementWebAPI\HotelManagementWebAPI.csproj", "{BD95BA2D-F467-44F9-A180-54268E131908}"
EndProject
Project("{FAE04EC0-301F-11D3-BF4B-00C04F79EFBC}") = "HotelManagementWebAPI.Tests", "HotelManagementWebAPI.Tests\HotelManagementWebAPI.Tests.csproj", "{B84D1B0B-D8CD-4365-9A1B-E473681B54D4}"
EndProject
Project("{FAE04EC0-301F-11D3-BF4B-00C04F79EFBC}") = "HotelManagementMVC", "HotelManagementMVC\HotelManagementMVC.csproj", "{BBD1F536-CF42-4CA1-B44A-427F9F4CE613}"
EndProject
Global
	GlobalSection(SolutionConfigurationPlatforms) = preSolution
		Debug|Any CPU = Debug|Any CPU
		Release|Any CPU = Release|Any CPU
	EndGlobalSection
	GlobalSection(ProjectConfigurationPlatforms) = postSolution
		{BD95BA2D-F467-44F9-A180-54268E131908}.Debug|Any CPU.ActiveCfg = Debug|Any CPU
		{BD95BA2D-F467-44F9-A180-54268E131908}.Debug|Any CPU.Build.0 = Debug|Any CPU
		{BD95BA2D-F467-44F9-A180-54268E131908}.Release|Any CPU.ActiveCfg = Release|Any CPU
		{BD95BA2D-F467-44F9-A180-54268E131908}.Release|Any CPU.Build.0 = Release|Any CPU
		{B84D1B0B-D8CD-4365-9A1B-E473681B54D4}.Debug|Any CPU.ActiveCfg = Debug|Any CPU
		{B84D1B0B-D8CD-4365-9A1B-E473681B54D4}.Debug|Any CPU.Build.0 = Debug|Any CPU
		{B84D1B0B-D8CD-4365-9A1B-E473681B54D4}.Release|Any CPU.ActiveCfg = Release|Any CPU
		{B84D1B0B-D8CD-4365-9A1B-E473681B54D4}.Release|Any CPU.Build.0 = Release|Any CPU
		{BBD1F536-CF42-4CA1-B44A-427F9F4CE613}.Debug|Any CPU.ActiveCfg = Debug|Any CPU
		{BBD1F536-CF42-4CA1-B44A-427F9F4CE613}.Debug|Any CPU.Build.0 = Debug|Any CPU
		{BBD1F536-CF42-4CA1-B44A-427F9F4CE613}.Release|Any CPU.ActiveCfg = Release|Any CPU
		{BBD1F536-CF42-4CA1-B44A-427F9F4CE613}.Release|Any CPU.Build.0 = Release|Any CPU
	EndGlobalSection
	GlobalSection(SolutionProperties) = preSolution
		HideSolutionNode = FALSE
	EndGlobalSection
EndGlobal
